Microsoft Visual Studio Solution File, Format Version 12.00
# Visual Studio Version 17
VisualStudioVersion = 17.5.2.0
MinimumVisualStudioVersion = 10.0.40219.1
Project("{FAE04EC0-301F-11D3-BF4B-00C04F79EFBC}") = "NDZDH6_0325", "NDZDH6_0325.csproj", "{6B64FE23-F4B0-21F4-F9F9-EFC831AE2B4B}"
EndProject
Global
	GlobalSection(SolutionConfigurationPlatforms) = preSolution
		Debug|Any CPU = Debug|Any CPU
		Release|Any CPU = Release|Any CPU
	EndGlobalSection
	GlobalSection(ProjectConfigurationPlatforms) = postSolution
		{6B64FE23-F4B0-21F4-F9F9-EFC831AE2B4B}.Debug|Any CPU.ActiveCfg = Debug|Any CPU
		{6B64FE23-F4B0-21F4-F9F9-EFC831AE2B4B}.Debug|Any CPU.Build.0 = Debug|Any CPU
		{6B64FE23-F4B0-21F4-F9F9-EFC831AE2B4B}.Release|Any CPU.ActiveCfg = Release|Any CPU
		{6B64FE23-F4B0-21F4-F9F9-EFC831AE2B4B}.Release|Any CPU.Build.0 = Release|Any CPU
	EndGlobalSection
	GlobalSection(SolutionProperties) = preSolution
		HideSolutionNode = FALSE
	EndGlobalSection
	GlobalSection(ExtensibilityGlobals) = postSolution
		SolutionGuid = {D3F9C472-67FC-4A2C-A493-5912760A8D96}
	EndGlobalSection
EndGlobal
